{"version":4,"terraform_version":"1.10.3","serial":11,"lineage":"27615235-b9a0-52a8-73b5-e32f975ec67d","outputs":{},"resources":[{"mode":"managed","type":"helm_release","name":"cert_manager_crds","provider":"provider[\"registry.opentofu.org/hashicorp/helm\"]","instances":[{"schema_version":2,"attributes":{"atomic":false,"chart":"crds","cleanup_on_fail":false,"create_namespace":false,"dependency_update":false,"description":null,"devel":null,"disable_crd_hooks":false,"disable_openapi_validation":false,"disable_webhooks":false,"force_update":true,"id":"cert-manager-crds","keyring":null,"lint":false,"manifest":null,"max_history":5,"metadata":{"app_version":"0.0.0","chart":"crds","first_deployed":1757063569,"last_deployed":1757063569,"name":"cert-manager-crds","namespace":"default","notes":"","revision":1,"values":"{}","version":"0.0.0"},"name":"cert-manager-crds","namespace":"default","pass_credentials":false,"postrender":null,"recreate_pods":false,"render_subchart_notes":true,"replace":false,"repository":"./helm/cert-manager/charts","repository_ca_file":null,"repository_cert_file":null,"repository_key_file":null,"repository_password":null,"repository_username":null,"reset_values":false,"reuse_values":false,"set":null,"set_list":null,"set_sensitive":null,"set_wo":null,"set_wo_revision":null,"skip_crds":false,"status":"deployed","timeout":300,"values":[],"verify":false,"version":"0.0.0","wait":true,"wait_for_jobs":false},"sensitive_attributes":[[{"type":"get_attr","value":"repository_password"}]]}]},{"mode":"managed","type":"helm_release","name":"gateways_crds","provider":"provider[\"registry.opentofu.org/hashicorp/helm\"]","instances":[{"schema_version":2,"attributes":{"atomic":false,"chart":"crds","cleanup_on_fail":false,"create_namespace":false,"dependency_update":false,"description":null,"devel":null,"disable_crd_hooks":false,"disable_openapi_validation":false,"disable_webhooks":false,"force_update":true,"id":"gateway-api-crds","keyring":null,"lint":false,"manifest":null,"max_history":5,"metadata":{"app_version":"0.0.0","chart":"gateway-api-crds","first_deployed":1757063572,"last_deployed":1757064445,"name":"gateway-api-crds","namespace":"default","notes":"","revision":2,"values":"{\"tf\":1}","version":"0.0.0"},"name":"gateway-api-crds","namespace":"default","pass_credentials":false,"postrender":null,"recreate_pods":false,"render_subchart_notes":true,"replace":false,"repository":"./helm/0-gateways/charts","repository_ca_file":null,"repository_cert_file":null,"repository_key_file":null,"repository_password":null,"repository_username":null,"reset_values":false,"reuse_values":false,"set":null,"set_list":null,"set_sensitive":null,"set_wo":null,"set_wo_revision":null,"skip_crds":false,"status":"deployed","timeout":300,"values":[],"verify":false,"version":"0.0.0","wait":true,"wait_for_jobs":false},"sensitive_attributes":[[{"type":"get_attr","value":"repository_password"}]]}]},{"mode":"managed","type":"kubernetes_namespace_v1","name":"cert_manager","provider":"provider[\"registry.opentofu.org/hashicorp/kubernetes\"]","instances":[{"schema_version":0,"attributes":{"id":"cert-manager","metadata":[{"annotations":{},"generate_name":"","generation":0,"labels":{},"name":"cert-manager","resource_version":"714","uid":"c240e105-b369-4e68-91d6-92a89464b1d5"}],"timeouts":null,"wait_for_default_service_account":false},"sensitive_attributes":[],"private":"eyJlMmJmYjczMC1lY2FhLTExZTYtOGY4OC0zNDM2M2JjN2M0YzAiOnsiZGVsZXRlIjozMDAwMDAwMDAwMDB9fQ=="}]},{"mode":"managed","type":"kubernetes_namespace_v1","name":"external_dns","provider":"provider[\"registry.opentofu.org/hashicorp/kubernetes\"]","instances":[{"schema_version":0,"attributes":{"id":"external-dns","metadata":[{"annotations":{},"generate_name":"","generation":0,"labels":{},"name":"external-dns","resource_version":"715","uid":"f5b61cf3-c17b-442b-a847-c1c5468243ca"}],"timeouts":null,"wait_for_default_service_account":false},"sensitive_attributes":[],"private":"eyJlMmJmYjczMC1lY2FhLTExZTYtOGY4OC0zNDM2M2JjN2M0YzAiOnsiZGVsZXRlIjozMDAwMDAwMDAwMDB9fQ=="}]},{"mode":"managed","type":"kubernetes_namespace_v1","name":"gateways","provider":"provider[\"registry.opentofu.org/hashicorp/kubernetes\"]","instances":[{"schema_version":0,"attributes":{"id":"gateways","metadata":[{"annotations":{},"generate_name":"","generation":0,"labels":{},"name":"gateways","resource_version":"754","uid":"7fa4201b-c784-46d4-abbb-591140f1fef5"}],"timeouts":null,"wait_for_default_service_account":false},"sensitive_attributes":[],"private":"eyJlMmJmYjczMC1lY2FhLTExZTYtOGY4OC0zNDM2M2JjN2M0YzAiOnsiZGVsZXRlIjozMDAwMDAwMDAwMDB9fQ=="}]},{"mode":"managed","type":"kubernetes_namespace_v1","name":"pihole","provider":"provider[\"registry.opentofu.org/hashicorp/kubernetes\"]","instances":[{"schema_version":0,"attributes":{"id":"pihole-system","metadata":[{"annotations":{},"generate_name":"","generation":0,"labels":{},"name":"pihole-system","resource_version":"716","uid":"79886f62-6ddf-45f4-9dbb-8a690b13f2eb"}],"timeouts":null,"wait_for_default_service_account":false},"sensitive_attributes":[],"private":"eyJlMmJmYjczMC1lY2FhLTExZTYtOGY4OC0zNDM2M2JjN2M0YzAiOnsiZGVsZXRlIjozMDAwMDAwMDAwMDB9fQ=="}]},{"mode":"managed","type":"kubernetes_namespace_v1","name":"smoke_test","provider":"provider[\"registry.opentofu.org/hashicorp/kubernetes\"]","instances":[{"schema_version":0,"attributes":{"id":"smoke-test","metadata":[{"annotations":{},"generate_name":"","generation":0,"labels":{},"name":"smoke-test","resource_version":"717","uid":"fc37fb1a-68fd-48e0-9cb2-a181db047e69"}],"timeouts":null,"wait_for_default_service_account":false},"sensitive_attributes":[],"private":"eyJlMmJmYjczMC1lY2FhLTExZTYtOGY4OC0zNDM2M2JjN2M0YzAiOnsiZGVsZXRlIjozMDAwMDAwMDAwMDB9fQ=="}]},{"module":"module.helm_cert_manager","mode":"managed","type":"helm_release","name":"cert_manager","provider":"provider[\"registry.opentofu.org/hashicorp/helm\"]","instances":[{"schema_version":2,"attributes":{"atomic":false,"chart":"cert-manager","cleanup_on_fail":false,"create_namespace":false,"dependency_update":false,"description":null,"devel":null,"disable_crd_hooks":false,"disable_openapi_validation":false,"disable_webhooks":false,"force_update":false,"id":"cert-manager","keyring":null,"lint":false,"manifest":null,"max_history":5,"metadata":{"app_version":"v1.17.2","chart":"cert-manager","first_deployed":1757063687,"last_deployed":1757063687,"name":"cert-manager","namespace":"cert-manager","notes":"\ncert-manager v1.17.2 has been deployed successfully!\n\nIn order to begin issuing certificates, you will need to set up a ClusterIssuer\nor Issuer resource (for example, by creating a 'letsencrypt-staging' issuer).\n\nMore information on the different types of issuers and how to configure them\ncan be found in our documentation:\n\nhttps://cert-manager.io/docs/configuration/\n\nFor information on how to configure cert-manager to automatically provision\nCertificates for Ingress resources, take a look at the `ingress-shim`\ndocumentation:\n\nhttps://cert-manager.io/docs/usage/ingress/\n","revision":1,"values":"{\"cainjector\":{\"replicaCount\":1,\"resources\":{\"limits\":{\"cpu\":\"100m\",\"memory\":\"128Mi\"},\"requests\":{\"cpu\":\"10m\",\"memory\":\"64Mi\"}}},\"crds\":{\"enabled\":false},\"global\":{\"leaderElection\":{\"namespace\":\"cert-manager\"}},\"installCRDs\":false,\"namespace\":\"cert-manager\",\"replicaCount\":1,\"resources\":{\"limits\":{\"cpu\":\"100m\",\"memory\":\"128Mi\"},\"requests\":{\"cpu\":\"10m\",\"memory\":\"64Mi\"}},\"startupapicheck\":{\"resources\":{\"limits\":{\"cpu\":\"100m\",\"memory\":\"64Mi\"},\"requests\":{\"cpu\":\"10m\",\"memory\":\"32Mi\"}}},\"webhook\":{\"replicaCount\":1,\"resources\":{\"limits\":{\"cpu\":\"100m\",\"memory\":\"64Mi\"},\"requests\":{\"cpu\":\"10m\",\"memory\":\"32Mi\"}}}}","version":"v1.17.2"},"name":"cert-manager","namespace":"cert-manager","pass_credentials":false,"postrender":null,"recreate_pods":false,"render_subchart_notes":true,"replace":false,"repository":"https://charts.jetstack.io","repository_ca_file":null,"repository_cert_file":null,"repository_key_file":null,"repository_password":null,"repository_username":null,"reset_values":false,"reuse_values":false,"set":null,"set_list":null,"set_sensitive":null,"set_wo":null,"set_wo_revision":null,"skip_crds":true,"status":"deployed","timeout":300,"values":["installCRDs: false\ncrds:\n  enabled: false\n\nnamespace: cert-manager\n\nglobal:\n  leaderElection:\n    namespace: cert-manager\n\nreplicaCount: 1\n\nresources:\n  requests:\n    cpu: 10m\n    memory: 64Mi\n  limits:\n    cpu: 100m\n    memory: 128Mi\n\ncainjector:\n  replicaCount: 1\n  resources:\n    requests:\n      cpu: 10m\n      memory: 64Mi\n    limits:\n      cpu: 100m\n      memory: 128Mi\n\nwebhook:\n  replicaCount: 1\n  resources:\n    requests:\n      cpu: 10m\n      memory: 32Mi\n    limits:\n      cpu: 100m\n      memory: 64Mi\n\n\nstartupapicheck:\n  resources:\n    requests:\n      cpu: 10m\n      memory: 32Mi\n    limits:\n      cpu: 100m\n      memory: 64Mi\n"],"verify":false,"version":"1.17.2","wait":true,"wait_for_jobs":false},"sensitive_attributes":[[{"type":"get_attr","value":"repository_password"}]],"dependencies":["helm_release.cert_manager_crds","helm_release.gateways_crds","kubernetes_namespace_v1.cert_manager","module.helm_cilium.helm_release.cilium","module.helm_cilium.helm_release.extra"]}]},{"module":"module.helm_cert_manager","mode":"managed","type":"helm_release","name":"extra","provider":"provider[\"registry.opentofu.org/hashicorp/helm\"]","instances":[{"schema_version":2,"attributes":{"atomic":false,"chart":"extra","cleanup_on_fail":false,"create_namespace":false,"dependency_update":false,"description":null,"devel":null,"disable_crd_hooks":false,"disable_openapi_validation":false,"disable_webhooks":false,"force_update":false,"id":"extra","keyring":null,"lint":false,"manifest":null,"max_history":5,"metadata":{"app_version":"0.0.0","chart":"cert-manager-extra","first_deployed":1757063720,"last_deployed":1757063720,"name":"extra","namespace":"cert-manager","notes":"","revision":1,"values":"{\"selfSigned\":{\"enabled\":true},\"tf\":1}","version":"0.0.0"},"name":"extra","namespace":"cert-manager","pass_credentials":false,"postrender":null,"recreate_pods":false,"render_subchart_notes":true,"replace":false,"repository":"helm/cert-manager/charts","repository_ca_file":null,"repository_cert_file":null,"repository_key_file":null,"repository_password":null,"repository_username":null,"reset_values":false,"reuse_values":false,"set":null,"set_list":null,"set_sensitive":null,"set_wo":null,"set_wo_revision":null,"skip_crds":false,"status":"deployed","timeout":300,"values":["tf: 1\n\nselfSigned:\n  enabled: true\n"],"verify":false,"version":"0.0.0","wait":true,"wait_for_jobs":false},"sensitive_attributes":[[{"type":"get_attr","value":"repository_password"}]],"dependencies":["helm_release.cert_manager_crds","helm_release.gateways_crds","kubernetes_namespace_v1.cert_manager","module.helm_cert_manager.helm_release.cert_manager","module.helm_cilium.helm_release.cilium","module.helm_cilium.helm_release.extra"]}]},{"module":"module.helm_cilium","mode":"managed","type":"helm_release","name":"cilium","provider":"provider[\"registry.opentofu.org/hashicorp/helm\"]","instances":[{"schema_version":2,"attributes":{"atomic":false,"chart":"cilium","cleanup_on_fail":false,"create_namespace":false,"dependency_update":false,"description":null,"devel":null,"disable_crd_hooks":false,"disable_openapi_validation":false,"disable_webhooks":false,"force_update":true,"id":"cilium","keyring":null,"lint":false,"manifest":null,"max_history":5,"metadata":{"app_version":"1.18.0","chart":"cilium","first_deployed":1757063585,"last_deployed":1757064838,"name":"cilium","namespace":"kube-system","notes":"\n        You have successfully installed Cilium with Hubble Relay and Hubble UI.\n\nYour release version is 1.18.0.\n\nFor any further help, visit https://docs.cilium.io/en/v1.18/gettinghelp\n","revision":2,"values":"{\"bpf\":{\"tproxy\":true},\"ciliumEndpointSlice\":{\"enabled\":true},\"cluster\":{\"name\":\"kubernetes\"},\"devices\":\"eth+\",\"enableLBIPAM\":true,\"externalIps\":{\"enabled\":true},\"gatewayAPI\":{\"enableAlpn\":true,\"enableAppProtocol\":true,\"enabled\":true,\"gatewayClass\":{\"create\":\"true\"},\"hostNetwork\":{\"enabled\":false}},\"hubble\":{\"enabled\":true,\"relay\":{\"enabled\":true,\"replicas\":1,\"rollOutPods\":false,\"tls\":{\"server\":{\"enabled\":false}},\"tolerations\":[{\"key\":\"CriticalAddonsOnly\",\"operator\":\"Exists\"}]},\"tls\":{\"auto\":{\"enabled\":false,\"method\":\"helm\"},\"enabled\":false},\"ui\":{\"backend\":{\"resources\":{\"limits\":{\"cpu\":\"100m\",\"memory\":\"160Mi\"},\"requests\":{\"cpu\":\"10m\",\"memory\":\"64Mi\"}}},\"enabled\":true,\"frontend\":{\"resources\":{\"limits\":{\"cpu\":\"100m\",\"memory\":\"32Mi\"},\"requests\":{\"cpu\":\"10m\",\"memory\":\"16Mi\"}}},\"rollOutPods\":true,\"standalone\":{\"enabled\":true},\"tolerations\":[{\"key\":\"CriticalAddonsOnly\",\"operator\":\"Exists\"}]}},\"image\":{\"pullPolicy\":\"IfNotPresent\",\"useDigest\":false},\"ipam\":{\"mode\":\"kubernetes\"},\"k8sClientRateLimit\":{\"burst\":150,\"qps\":40},\"k8sServiceHost\":\"pihole-control-plane\",\"k8sServicePort\":6443,\"kubeProxyReplacement\":true,\"l7Proxy\":true,\"loadBalancer\":{\"l7\":{\"backend\":\"envoy\"},\"mode\":\"snat\"},\"nodePort\":{\"enabled\":true},\"nodeinit\":{\"enabled\":true},\"operator\":{\"affinity\":{\"nodeAffinity\":{\"requiredDuringSchedulingIgnoredDuringExecution\":{\"nodeSelectorTerms\":[{\"matchExpressions\":[{\"key\":\"node-role.kubernetes.io/control-plane\",\"operator\":\"Exists\"}]}]}}},\"image\":{\"pullPolicy\":\"IfNotPresent\",\"useDigest\":false},\"replicas\":1,\"rollOutPods\":true},\"resources\":{\"limits\":{\"cpu\":\"1000m\",\"memory\":\"384Mi\"},\"requests\":{\"cpu\":\"100m\",\"memory\":\"256Mi\"}},\"rollOutCiliumPods\":true,\"routingMode\":\"tunnel\",\"socketLB\":{\"enabled\":true},\"tf\":8081,\"tls\":{\"secretsBackend\":\"k8s\"},\"tunnelProtocol\":\"vxlan\"}","version":"1.18.0"},"name":"cilium","namespace":"kube-system","pass_credentials":false,"postrender":null,"recreate_pods":false,"render_subchart_notes":true,"replace":false,"repository":"https://helm.cilium.io/","repository_ca_file":null,"repository_cert_file":null,"repository_key_file":null,"repository_password":null,"repository_username":null,"reset_values":false,"reuse_values":false,"set":[{"name":"k8sServiceHost","type":"","value":"pihole-control-plane"}],"set_list":null,"set_sensitive":null,"set_wo":null,"set_wo_revision":null,"skip_crds":false,"status":"deployed","timeout":300,"values":["tf: 8081\n\n# Global\nimage:\n  pullPolicy: IfNotPresent\n  useDigest: false\n\ncluster:\n  name: kubernetes\n\ntls:\n  secretsBackend: k8s\n\n# Network\nkubeProxyReplacement: true\nk8sServicePort: 6443\nk8sClientRateLimit:\n  qps: 40\n  burst: 150\n\nipam:\n  mode: kubernetes\n\ntunnelProtocol: vxlan\nroutingMode: tunnel\ndevices: eth+\n\nbpf:\n  # not working on kind\n  #  masquerade: true\n  tproxy: true\n\nnodePort:\n  enabled: true\nexternalIps:\n  enabled: true\nsocketLB:\n  enabled: true\nenableLBIPAM: true\nciliumEndpointSlice:\n  enabled: true\n#l2announcements:\n#  enabled: true\n\nl7Proxy: true\nloadBalancer:\n  mode: snat\n  l7:\n    backend: envoy\n\n# Ingress/Gateway API\ngatewayAPI:\n  enabled: true\n  enableAppProtocol: true\n  enableAlpn: true\n  hostNetwork:\n    enabled: false\n  gatewayClass:\n    create: \"true\"\n#  secretsNamespace:\n#    create: false\n#    sync: true\n\n# NodeInit\nnodeinit:\n  enabled: true\n\n# Agent\nrollOutCiliumPods: true\n\nresources:\n  limits:\n    cpu: 1000m\n    memory: 384Mi\n  requests:\n    cpu: 100m\n    memory: 256Mi\n\n# Operator\noperator:\n  image:\n    pullPolicy: IfNotPresent\n    useDigest: false\n\n  replicas: 1\n  rollOutPods: true\n  affinity:\n    nodeAffinity:\n      requiredDuringSchedulingIgnoredDuringExecution:\n        nodeSelectorTerms:\n          - matchExpressions:\n              - key: node-role.kubernetes.io/control-plane\n                operator: Exists\n\n\n# Hubble\nhubble:\n  enabled: true\n\n  tls:\n    enabled: false\n    auto:\n      enabled: false\n      method: helm\n\n  relay:\n    enabled: true\n    replicas: 1\n    rollOutPods: false\n    tolerations:\n      - key: CriticalAddonsOnly\n        operator: \"Exists\"\n\n    tls:\n      server:\n        enabled: false\n\n  ui:\n    enabled: true\n    rollOutPods: true\n    standalone:\n      enabled: true\n\n    tolerations:\n      - key: CriticalAddonsOnly\n        operator: \"Exists\"\n\n    backend:\n      resources:\n        requests:\n          memory: 64Mi\n          cpu: 10m\n        limits:\n          memory: 160Mi\n          cpu: 100m\n    frontend:\n      resources:\n        requests:\n          memory: 16Mi\n          cpu: 10m\n        limits:\n          memory: 32Mi\n          cpu: 100m\n\n# uninstall\n#cni:\n#  install: false\n#  uninstall: true\n#cleanState: true\n#cleanBpfState: true\n#sleepAfterInit: true\n"],"verify":false,"version":"1.18.0","wait":true,"wait_for_jobs":false},"sensitive_attributes":[[{"type":"get_attr","value":"repository_password"}]],"dependencies":["helm_release.cert_manager_crds","helm_release.gateways_crds"]}]},{"module":"module.helm_cilium","mode":"managed","type":"helm_release","name":"extra","provider":"provider[\"registry.opentofu.org/hashicorp/helm\"]","instances":[{"schema_version":2,"attributes":{"atomic":false,"chart":"extra","cleanup_on_fail":false,"create_namespace":false,"dependency_update":false,"description":null,"devel":null,"disable_crd_hooks":false,"disable_openapi_validation":false,"disable_webhooks":false,"force_update":false,"id":"cilium-extra","keyring":null,"lint":false,"manifest":null,"max_history":5,"metadata":{"app_version":"0.0.0","chart":"cilium-extra","first_deployed":1757063680,"last_deployed":1757063877,"name":"cilium-extra","namespace":"kube-system","notes":"","revision":2,"values":"{\"httpRoute\":{\"annotations\":{\"external-dns.alpha.kubernetes.io/hostname\":\"hubble.kind.local\"},\"backend\":{\"name\":\"hubble-ui\",\"port\":80},\"enabled\":true,\"host\":\"hubble.kind.local\",\"parent\":{\"name\":\"private-http\",\"namespace\":\"gateways\",\"sectionName\":\"http\"}},\"tf\":2}","version":"0.0.0"},"name":"cilium-extra","namespace":"kube-system","pass_credentials":false,"postrender":null,"recreate_pods":false,"render_subchart_notes":true,"replace":false,"repository":"helm/cilium/charts","repository_ca_file":null,"repository_cert_file":null,"repository_key_file":null,"repository_password":null,"repository_username":null,"reset_values":false,"reuse_values":false,"set":null,"set_list":null,"set_sensitive":null,"set_wo":null,"set_wo_revision":null,"skip_crds":false,"status":"deployed","timeout":300,"values":["tf: 2\n\nhttpRoute:\n  enabled: true\n  host: \"hubble.kind.local\"\n  parent:\n    name: private-http\n    namespace: gateways\n    sectionName: http\n  backend:\n    name: hubble-ui\n    port: 80\n  annotations:\n    external-dns.alpha.kubernetes.io/hostname: \"hubble.kind.local\"\n"],"verify":false,"version":"0.0.0","wait":true,"wait_for_jobs":false},"sensitive_attributes":[[{"type":"get_attr","value":"repository_password"}]],"dependencies":["helm_release.cert_manager_crds","helm_release.gateways_crds","module.helm_cilium.helm_release.cilium"]}]},{"module":"module.helm_external_dns","mode":"managed","type":"helm_release","name":"external_dns_pihole","provider":"provider[\"registry.opentofu.org/hashicorp/helm\"]","instances":[{"schema_version":2,"attributes":{"atomic":false,"chart":"external-dns","cleanup_on_fail":false,"create_namespace":false,"dependency_update":false,"description":null,"devel":null,"disable_crd_hooks":false,"disable_openapi_validation":false,"disable_webhooks":false,"force_update":false,"id":"external-dns-pihole","keyring":null,"lint":false,"manifest":null,"max_history":5,"metadata":{"app_version":"0.18.0","chart":"external-dns","first_deployed":1757063696,"last_deployed":1757063696,"name":"external-dns-pihole","namespace":"external-dns","notes":"***********************************************************************\n* External DNS                                                        *\n***********************************************************************\n  Chart version: 1.18.0\n  App version:   0.18.0\n  Image tag:     registry.k8s.io/external-dns/external-dns:v0.18.0\n***********************************************************************\n","revision":1,"values":"{\"extraArgs\":[\"--webhook-provider-url\",\"http://localhost:8080\"],\"gatewayNamespace\":\"gateways\",\"interval\":\"15s\",\"logLevel\":\"debug\",\"podSecurityContext\":{\"runAsNonRoot\":false},\"provider\":{\"name\":\"webhook\",\"webhook\":{\"env\":[{\"name\":\"PORT\",\"value\":\"8080\"}],\"image\":{\"pullPolicy\":\"Always\",\"repository\":\"docker.io/falmar/pihole-webhooks\",\"tag\":\"01\"}}},\"rbac\":{\"additionalPermissions\":[{\"apiGroups\":[\"\"],\"resources\":[\"namespaces\"],\"verbs\":[\"get\",\"watch\",\"list\"]},{\"apiGroups\":[\"gateway.networking.k8s.io\"],\"resources\":[\"gateways\",\"httproutes\",\"grpcroutes\",\"tlsroutes\"],\"verbs\":[\"get\",\"watch\",\"list\"]}],\"create\":true},\"registry\":\"noop\",\"resources\":{\"limits\":{\"cpu\":\"100m\",\"memory\":\"96Mi\"},\"requests\":{\"cpu\":\"10m\",\"memory\":\"32Mi\"}},\"sources\":[\"gateway-httproute\"],\"tf\":8081}","version":"1.18.0"},"name":"external-dns-pihole","namespace":"external-dns","pass_credentials":false,"postrender":null,"recreate_pods":false,"render_subchart_notes":true,"replace":false,"repository":"https://kubernetes-sigs.github.io/external-dns","repository_ca_file":null,"repository_cert_file":null,"repository_key_file":null,"repository_password":null,"repository_username":null,"reset_values":false,"reuse_values":false,"set":null,"set_list":null,"set_sensitive":null,"set_wo":null,"set_wo_revision":null,"skip_crds":false,"status":"deployed","timeout":300,"values":["tf: 8081\n\npodSecurityContext:\n  runAsNonRoot: false\n\nprovider:\n  name: webhook\n  webhook:\n    image:\n      repository: \"docker.io/falmar/pihole-webhooks\"\n      tag: \"01\"\n      pullPolicy: Always\n    env:\n      - name: PORT\n        value: \"8080\"\n\nregistry: noop\n\nlogLevel: debug\ninterval: 15s\ngatewayNamespace: gateways\nsources:\n  - gateway-httproute\n#  - gateway-grpcroute\n#  - service\n\nextraArgs:\n  - --webhook-provider-url\n  - 'http://localhost:8080'\n\nrbac:\n  create: true\n  additionalPermissions:\n    - apiGroups: [ \"\" ]\n      resources: [ \"namespaces\" ]\n      verbs: [ \"get\",\"watch\",\"list\" ]\n    - apiGroups: [ \"gateway.networking.k8s.io\" ]\n      resources: [ \"gateways\",\"httproutes\",\"grpcroutes\",\"tlsroutes\" ]\n      verbs: [ \"get\",\"watch\",\"list\" ]\n\nresources:\n  requests:\n    memory: 32Mi\n    cpu: 10m\n  limits:\n    memory: 96Mi\n    cpu: 100m\n"],"verify":false,"version":"1.18.0","wait":true,"wait_for_jobs":false},"sensitive_attributes":[[{"type":"get_attr","value":"repository_password"}]],"dependencies":["helm_release.cert_manager_crds","helm_release.gateways_crds","kubernetes_namespace_v1.external_dns","kubernetes_namespace_v1.pihole","module.helm_cilium.helm_release.cilium","module.helm_cilium.helm_release.extra","module.helm_pihole.helm_release.pihole","module.helm_pihole.kubernetes_secret.pass"]}]},{"module":"module.helm_gateways","mode":"managed","type":"helm_release","name":"extra","provider":"provider[\"registry.opentofu.org/hashicorp/helm\"]","instances":[{"schema_version":2,"attributes":{"atomic":false,"chart":"extra","cleanup_on_fail":false,"create_namespace":false,"dependency_update":false,"description":null,"devel":null,"disable_crd_hooks":false,"disable_openapi_validation":false,"disable_webhooks":false,"force_update":true,"id":"extra","keyring":null,"lint":false,"manifest":null,"max_history":5,"metadata":{"app_version":"0.0.0","chart":"gateways-extra","first_deployed":1757063575,"last_deployed":1757064914,"name":"extra","namespace":"gateways","notes":"","revision":4,"values":"{\"certificates\":{\"enabled\":true},\"className\":\"cilium\",\"tf\":1}","version":"0.0.0"},"name":"extra","namespace":"gateways","pass_credentials":false,"postrender":null,"recreate_pods":false,"render_subchart_notes":true,"replace":false,"repository":"helm/0-gateways/charts","repository_ca_file":null,"repository_cert_file":null,"repository_key_file":null,"repository_password":null,"repository_username":null,"reset_values":false,"reuse_values":false,"set":null,"set_list":null,"set_sensitive":null,"set_wo":null,"set_wo_revision":null,"skip_crds":false,"status":"deployed","timeout":300,"values":["tf: 1\n\nclassName: cilium\n\ncertificates:\n  enabled: true\n"],"verify":false,"version":"0.0.0","wait":true,"wait_for_jobs":false},"sensitive_attributes":[[{"type":"get_attr","value":"repository_password"}]],"dependencies":["helm_release.cert_manager_crds","helm_release.gateways_crds","kubernetes_namespace_v1.gateways","module.helm_cilium.helm_release.cilium","module.helm_cilium.helm_release.extra"]}]},{"module":"module.helm_pihole","mode":"managed","type":"helm_release","name":"pihole","provider":"provider[\"registry.opentofu.org/hashicorp/helm\"]","instances":[{"schema_version":2,"attributes":{"atomic":false,"chart":"pihole","cleanup_on_fail":false,"create_namespace":false,"dependency_update":false,"description":null,"devel":null,"disable_crd_hooks":false,"disable_openapi_validation":false,"disable_webhooks":false,"force_update":false,"id":"main","keyring":null,"lint":false,"manifest":null,"max_history":5,"metadata":{"app_version":"0.0.0","chart":"pihole","first_deployed":1757063680,"last_deployed":1757063680,"name":"main","namespace":"pihole-system","notes":"","revision":1,"values":"{\"httpRoute\":{\"annotations\":{\"external-dns.alpha.kubernetes.io/hostname\":\"pihole.kind.local\"},\"enabled\":true,\"host\":\"pihole.kind.local\",\"parent\":{\"name\":\"private-http\",\"namespace\":\"gateways\",\"sectionName\":\"http\"}},\"image\":{\"tag\":\"2025.08.0\"},\"loadBalancer\":{\"annotations\":{\"service.cilium.io/forwarding-mode\":\"snat\",\"service.cilium.io/type\":\"LoadBalancer\"},\"enabled\":false,\"port\":53},\"resources\":{\"limits\":{\"cpu\":\"500m\",\"memory\":\"128Mi\"},\"requests\":{\"cpu\":\"50m\",\"memory\":\"64Mi\"}},\"secret\":{\"key\":\"pass\",\"name\":\"pihole-pass\"},\"service\":{\"enabled\":true,\"port\":80},\"storage\":{\"className\":\"standard\",\"resources\":{\"limits\":{\"storage\":\"1Gi\"},\"requests\":{\"storage\":\"512Mi\"}}},\"tf\":2}","version":"0.0.0"},"name":"main","namespace":"pihole-system","pass_credentials":false,"postrender":null,"recreate_pods":false,"render_subchart_notes":true,"replace":false,"repository":"helm/pihole/charts","repository_ca_file":null,"repository_cert_file":null,"repository_key_file":null,"repository_password":null,"repository_username":null,"reset_values":false,"reuse_values":false,"set":[{"name":"secret.name","type":"","value":"pihole-pass"},{"name":"secret.key","type":"","value":"pass"}],"set_list":null,"set_sensitive":null,"set_wo":null,"set_wo_revision":null,"skip_crds":false,"status":"deployed","timeout":300,"values":["tf: 2\n\nimage:\n  tag: \"2025.08.0\"\n\nloadBalancer:\n  enabled: false\n  port: 53\n  annotations:\n    service.cilium.io/type: LoadBalancer\n    service.cilium.io/forwarding-mode: snat\n\nservice:\n  enabled: true\n  port: 80\nhttpRoute:\n  enabled: true\n  host: pihole.kind.local\n  parent:\n    name: private-http\n    namespace: gateways\n    sectionName: http\n  annotations:\n    external-dns.alpha.kubernetes.io/hostname: pihole.kind.local\n\nstorage:\n  className: standard\n  resources:\n    requests:\n      storage: 512Mi\n    limits:\n      storage: 1Gi\n\nresources:\n  requests:\n    memory: 64Mi\n    cpu: 50m\n  limits:\n    memory: 128Mi\n    cpu: 500m\n"],"verify":false,"version":"0.0.0","wait":true,"wait_for_jobs":false},"sensitive_attributes":[[{"type":"get_attr","value":"repository_password"}]],"dependencies":["helm_release.cert_manager_crds","helm_release.gateways_crds","kubernetes_namespace_v1.pihole","module.helm_cilium.helm_release.cilium","module.helm_cilium.helm_release.extra","module.helm_pihole.kubernetes_secret.pass"]}]},{"module":"module.helm_pihole","mode":"managed","type":"kubernetes_secret","name":"pass","provider":"provider[\"registry.opentofu.org/hashicorp/kubernetes\"]","instances":[{"schema_version":0,"attributes":{"binary_data":null,"binary_data_wo":null,"binary_data_wo_revision":null,"data":{"pass":"kind-cluster"},"data_wo":null,"data_wo_revision":null,"id":"pihole-system/pihole-pass","immutable":false,"metadata":[{"annotations":{},"generate_name":"","generation":0,"labels":{},"name":"pihole-pass","namespace":"pihole-system","resource_version":"1410","uid":"a0d7c614-aede-4392-8ff4-b84a9dc37255"}],"timeouts":null,"type":"Opaque","wait_for_service_account_token":true},"sensitive_attributes":[[{"type":"get_attr","value":"data"}],[{"type":"get_attr","value":"binary_data"}]],"private":"eyJlMmJmYjczMC1lY2FhLTExZTYtOGY4OC0zNDM2M2JjN2M0YzAiOnsiY3JlYXRlIjo2MDAwMDAwMDAwMH19","dependencies":["helm_release.cert_manager_crds","helm_release.gateways_crds","kubernetes_namespace_v1.pihole","module.helm_cilium.helm_release.cilium","module.helm_cilium.helm_release.extra"]}]},{"module":"module.helm_smoke_test","mode":"managed","type":"helm_release","name":"smoke_test","provider":"provider[\"registry.opentofu.org/hashicorp/helm\"]","instances":[{"schema_version":2,"attributes":{"atomic":false,"chart":"helm/smoke-test/charts/smoke-test","cleanup_on_fail":false,"create_namespace":false,"dependency_update":false,"description":null,"devel":null,"disable_crd_hooks":false,"disable_openapi_validation":false,"disable_webhooks":false,"force_update":false,"id":"smoke-test","keyring":null,"lint":false,"manifest":null,"max_history":0,"metadata":{"app_version":"0.0.0","chart":"smoke-test","first_deployed":1757063680,"last_deployed":1757063680,"name":"smoke-test","namespace":"smoke-test","notes":"","revision":1,"values":"{\"httpRoute\":{\"annotations\":{\"external-dns.alpha.kubernetes.io/hostname\":\"smoke-test.kind.local\",\"external-dns.alpha.kubernetes.io/target\":\"192.168.4.124\"},\"backend\":{\"name\":\"smoke-test\",\"port\":80},\"enabled\":true,\"host\":\"smoke-test.kind.local\",\"parent\":{\"name\":\"private-http\",\"namespace\":\"gateways\",\"sectionName\":\"http\"}}}","version":"0.0.0"},"name":"smoke-test","namespace":"smoke-test","pass_credentials":false,"postrender":null,"recreate_pods":false,"render_subchart_notes":true,"replace":false,"repository":null,"repository_ca_file":null,"repository_cert_file":null,"repository_key_file":null,"repository_password":null,"repository_username":null,"reset_values":false,"reuse_values":false,"set":null,"set_list":null,"set_sensitive":null,"set_wo":null,"set_wo_revision":null,"skip_crds":false,"status":"deployed","timeout":300,"values":["httpRoute:\n  enabled: true\n  host: \"smoke-test.kind.local\"\n  parent:\n    name: private-http\n    namespace: gateways\n    sectionName: http\n  backend:\n    name: smoke-test\n    port: 80\n  annotations:\n    external-dns.alpha.kubernetes.io/hostname: \"smoke-test.kind.local\"\n    external-dns.alpha.kubernetes.io/target: \"192.168.4.124\"\n"],"verify":false,"version":"0.0.0","wait":true,"wait_for_jobs":false},"sensitive_attributes":[[{"type":"get_attr","value":"repository_password"}]],"dependencies":["helm_release.cert_manager_crds","helm_release.gateways_crds","kubernetes_namespace_v1.smoke_test","module.helm_cilium.helm_release.cilium","module.helm_cilium.helm_release.extra"]}]}],"check_results":null}
